
Microsoft Visual Studio Solution File, Format Version 12.00
# Visual Studio Version 17
VisualStudioVersion = 17.8.34330.188
MinimumVisualStudioVersion = 10.0.40219.1
Project("{9A19103F-16F7-4668-BE54-9A1E7A4F7556}") = "PersonalFileServer", "PersonalFileServer\PersonalFileServer.csproj", "{73D00402-E1D6-4D8C-8A65-775395315C77}"
EndProject
Project("{9A19103F-16F7-4668-BE54-9A1E7A4F7556}") = "WinformsFileClient", "WinformsFileClient\WinformsFileClient.csproj", "{62C9A73F-81A6-416D-B5FC-FB1A314FB0C2}"
EndProject
Project("{9A19103F-16F7-4668-BE54-9A1E7A4F7556}") = "Common", "Common\Common.csproj", "{8AD332ED-E83F-44A6-85A8-17011BDBF695}"
EndProject
Project("{9A19103F-16F7-4668-BE54-9A1E7A4F7556}") = "FileClient", "FileClient\FileClient.csproj", "{8AD332ED-E83F-44A6-85A8-17011BABF695}"
EndProject
Global
	GlobalSection(SolutionConfigurationPlatforms) = preSolution
		Debug|Any CPU = Debug|Any CPU
		Release|Any CPU = Release|Any CPU
	EndGlobalSection
	GlobalSection(ProjectConfigurationPlatforms) = postSolution
		{73D00402-E1D6-4D8C-8A65-775395315C77}.Debug|Any CPU.ActiveCfg = Debug|Any CPU
		{73D00402-E1D6-4D8C-8A65-775395315C77}.Debug|Any CPU.Build.0 = Debug|Any CPU
		{73D00402-E1D6-4D8C-8A65-775395315C77}.Release|Any CPU.ActiveCfg = Release|Any CPU
		{73D00402-E1D6-4D8C-8A65-775395315C77}.Release|Any CPU.Build.0 = Release|Any CPU
		{62C9A73F-81A6-416D-B5FC-FB1A314FB0C2}.Debug|Any CPU.ActiveCfg = Debug|Any CPU
		{62C9A73F-81A6-416D-B5FC-FB1A314FB0C2}.Debug|Any CPU.Build.0 = Debug|Any CPU
		{62C9A73F-81A6-416D-B5FC-FB1A314FB0C2}.Release|Any CPU.ActiveCfg = Release|Any CPU
		{62C9A73F-81A6-416D-B5FC-FB1A314FB0C2}.Release|Any CPU.Build.0 = Release|Any CPU
		{8AD332ED-E83F-44A6-85A8-17011BDBF695}.Debug|Any CPU.ActiveCfg = Debug|Any CPU
		{8AD332ED-E83F-44A6-85A8-17011BDBF695}.Debug|Any CPU.Build.0 = Debug|Any CPU
		{8AD332ED-E83F-44A6-85A8-17011BDBF695}.Release|Any CPU.ActiveCfg = Release|Any CPU
		{8AD332ED-E83F-44A6-85A8-17011BDBF695}.Release|Any CPU.Build.0 = Release|Any CPU
		{8AD332ED-E83F-44A6-85A8-17011BABF695}.Debug|Any CPU.ActiveCfg = Debug|Any CPU
		{8AD332ED-E83F-44A6-85A8-17011BABF695}.Debug|Any CPU.Build.0 = Debug|Any CPU
		{8AD332ED-E83F-44A6-85A8-17011BABF695}.Release|Any CPU.ActiveCfg = Release|Any CPU
		{8AD332ED-E83F-44A6-85A8-17011BABF695}.Release|Any CPU.Build.0 = Release|Any CPU
	EndGlobalSection
	GlobalSection(SolutionProperties) = preSolution
		HideSolutionNode = FALSE
	EndGlobalSection
	GlobalSection(ExtensibilityGlobals) = postSolution
		SolutionGuid = {BA5A7069-AC7C-4561-903E-3893142C241F}
	EndGlobalSection
EndGlobal
